
Microsoft Visual Studio Solution File, Format Version 12.00
# Visual Studio 14
VisualStudioVersion = 14.0.25420.1
MinimumVisualStudioVersion = 10.0.40219.1
Project("{FAE04EC0-301F-11D3-BF4B-00C04F79EFBC}") = "Challenge287", "Challenge287\Challenge287.csproj", "{8BFD4F13-F6C5-416F-B04E-4C85D939E7A9}"
EndProject
Global
	GlobalSection(SolutionConfigurationPlatforms) = preSolution
		Debug|Any CPU = Debug|Any CPU
		Release|Any CPU = Release|Any CPU
	EndGlobalSection
	GlobalSection(ProjectConfigurationPlatforms) = postSolution
		{8BFD4F13-F6C5-416F-B04E-4C85D939E7A9}.Debug|Any CPU.ActiveCfg = Debug|Any CPU
		{8BFD4F13-F6C5-416F-B04E-4C85D939E7A9}.Debug|Any CPU.Build.0 = Debug|Any CPU
		{8BFD4F13-F6C5-416F-B04E-4C85D939E7A9}.Release|Any CPU.ActiveCfg = Release|Any CPU
		{8BFD4F13-F6C5-416F-B04E-4C85D939E7A9}.Release|Any CPU.Build.0 = Release|Any CPU
	EndGlobalSection
	GlobalSection(SolutionProperties) = preSolution
		HideSolutionNode = FALSE
	EndGlobalSection
EndGlobal
